
Microsoft Visual Studio Solution File, Format Version 12.00
# Visual Studio 15
VisualStudioVersion = 15.0.27428.2011
MinimumVisualStudioVersion = 10.0.40219.1
Project("{FAE04EC0-301F-11D3-BF4B-00C04F79EFBC}") = "SimpleDataBinding", "SimpleDataBinding\SimpleDataBinding.csproj", "{46AB2163-B582-47A4-AC99-BF0B0AF278E8}"
EndProject
Global
	GlobalSection(SolutionConfigurationPlatforms) = preSolution
		Debug|ARM = Debug|ARM
		Debug|x64 = Debug|x64
		Debug|x86 = Debug|x86
		Release|ARM = Release|ARM
		Release|x64 = Release|x64
		Release|x86 = Release|x86
	EndGlobalSection
	GlobalSection(ProjectConfigurationPlatforms) = postSolution
		{46AB2163-B582-47A4-AC99-BF0B0AF278E8}.Debug|ARM.ActiveCfg = Debug|ARM
		{46AB2163-B582-47A4-AC99-BF0B0AF278E8}.Debug|ARM.Build.0 = Debug|ARM
		{46AB2163-B582-47A4-AC99-BF0B0AF278E8}.Debug|ARM.Deploy.0 = Debug|ARM
		{46AB2163-B582-47A4-AC99-BF0B0AF278E8}.Debug|x64.ActiveCfg = Debug|x64
		{46AB2163-B582-47A4-AC99-BF0B0AF278E8}.Debug|x64.Build.0 = Debug|x64
		{46AB2163-B582-47A4-AC99-BF0B0AF278E8}.Debug|x64.Deploy.0 = Debug|x64
		{46AB2163-B582-47A4-AC99-BF0B0AF278E8}.Debug|x86.ActiveCfg = Debug|x86
		{46AB2163-B582-47A4-AC99-BF0B0AF278E8}.Debug|x86.Build.0 = Debug|x86
		{46AB2163-B582-47A4-AC99-BF0B0AF278E8}.Debug|x86.Deploy.0 = Debug|x86
		{46AB2163-B582-47A4-AC99-BF0B0AF278E8}.Release|ARM.ActiveCfg = Release|ARM
		{46AB2163-B582-47A4-AC99-BF0B0AF278E8}.Release|ARM.Build.0 = Release|ARM
		{46AB2163-B582-47A4-AC99-BF0B0AF278E8}.Release|ARM.Deploy.0 = Release|ARM
		{46AB2163-B582-47A4-AC99-BF0B0AF278E8}.Release|x64.ActiveCfg = Release|x64
		{46AB2163-B582-47A4-AC99-BF0B0AF278E8}.Release|x64.Build.0 = Release|x64
		{46AB2163-B582-47A4-AC99-BF0B0AF278E8}.Release|x64.Deploy.0 = Release|x64
		{46AB2163-B582-47A4-AC99-BF0B0AF278E8}.Release|x86.ActiveCfg = Release|x86
		{46AB2163-B582-47A4-AC99-BF0B0AF278E8}.Release|x86.Build.0 = Release|x86
		{46AB2163-B582-47A4-AC99-BF0B0AF278E8}.Release|x86.Deploy.0 = Release|x86
	EndGlobalSection
	GlobalSection(SolutionProperties) = preSolution
		HideSolutionNode = FALSE
	EndGlobalSection
	GlobalSection(ExtensibilityGlobals) = postSolution
		SolutionGuid = {4E4D20E5-AB7B-4E54-913F-4A386D1ED486}
	EndGlobalSection
EndGlobal
