
Microsoft Visual Studio Solution File, Format Version 12.00
# Visual Studio 15
VisualStudioVersion = 15.0.27428.2011
MinimumVisualStudioVersion = 10.0.40219.1
Project("{FAE04EC0-301F-11D3-BF4B-00C04F79EFBC}") = "JsonAndXmlSample", "JsonAndXmlSample\JsonAndXmlSample.csproj", "{EFF51C1E-595E-4248-913E-1729FE2365D9}"
EndProject
Global
	GlobalSection(SolutionConfigurationPlatforms) = preSolution
		Debug|ARM = Debug|ARM
		Debug|x64 = Debug|x64
		Debug|x86 = Debug|x86
		Release|ARM = Release|ARM
		Release|x64 = Release|x64
		Release|x86 = Release|x86
	EndGlobalSection
	GlobalSection(ProjectConfigurationPlatforms) = postSolution
		{EFF51C1E-595E-4248-913E-1729FE2365D9}.Debug|ARM.ActiveCfg = Debug|ARM
		{EFF51C1E-595E-4248-913E-1729FE2365D9}.Debug|ARM.Build.0 = Debug|ARM
		{EFF51C1E-595E-4248-913E-1729FE2365D9}.Debug|ARM.Deploy.0 = Debug|ARM
		{EFF51C1E-595E-4248-913E-1729FE2365D9}.Debug|x64.ActiveCfg = Debug|x64
		{EFF51C1E-595E-4248-913E-1729FE2365D9}.Debug|x64.Build.0 = Debug|x64
		{EFF51C1E-595E-4248-913E-1729FE2365D9}.Debug|x64.Deploy.0 = Debug|x64
		{EFF51C1E-595E-4248-913E-1729FE2365D9}.Debug|x86.ActiveCfg = Debug|x86
		{EFF51C1E-595E-4248-913E-1729FE2365D9}.Debug|x86.Build.0 = Debug|x86
		{EFF51C1E-595E-4248-913E-1729FE2365D9}.Debug|x86.Deploy.0 = Debug|x86
		{EFF51C1E-595E-4248-913E-1729FE2365D9}.Release|ARM.ActiveCfg = Release|ARM
		{EFF51C1E-595E-4248-913E-1729FE2365D9}.Release|ARM.Build.0 = Release|ARM
		{EFF51C1E-595E-4248-913E-1729FE2365D9}.Release|ARM.Deploy.0 = Release|ARM
		{EFF51C1E-595E-4248-913E-1729FE2365D9}.Release|x64.ActiveCfg = Release|x64
		{EFF51C1E-595E-4248-913E-1729FE2365D9}.Release|x64.Build.0 = Release|x64
		{EFF51C1E-595E-4248-913E-1729FE2365D9}.Release|x64.Deploy.0 = Release|x64
		{EFF51C1E-595E-4248-913E-1729FE2365D9}.Release|x86.ActiveCfg = Release|x86
		{EFF51C1E-595E-4248-913E-1729FE2365D9}.Release|x86.Build.0 = Release|x86
		{EFF51C1E-595E-4248-913E-1729FE2365D9}.Release|x86.Deploy.0 = Release|x86
	EndGlobalSection
	GlobalSection(SolutionProperties) = preSolution
		HideSolutionNode = FALSE
	EndGlobalSection
	GlobalSection(ExtensibilityGlobals) = postSolution
		SolutionGuid = {E8F1AF72-3504-4A51-A446-781780E49796}
	EndGlobalSection
EndGlobal
