
Microsoft Visual Studio Solution File, Format Version 12.00
# Visual Studio 15
VisualStudioVersion = 15.0.27428.2011
MinimumVisualStudioVersion = 10.0.40219.1
Project("{FAE04EC0-301F-11D3-BF4B-00C04F79EFBC}") = "SQLiteSample", "SQLiteSample\SQLiteSample.csproj", "{DC368ED4-3118-4AA8-9855-6B9107E20005}"
EndProject
Global
	GlobalSection(SolutionConfigurationPlatforms) = preSolution
		Debug|ARM = Debug|ARM
		Debug|x64 = Debug|x64
		Debug|x86 = Debug|x86
		Release|ARM = Release|ARM
		Release|x64 = Release|x64
		Release|x86 = Release|x86
	EndGlobalSection
	GlobalSection(ProjectConfigurationPlatforms) = postSolution
		{DC368ED4-3118-4AA8-9855-6B9107E20005}.Debug|ARM.ActiveCfg = Debug|ARM
		{DC368ED4-3118-4AA8-9855-6B9107E20005}.Debug|ARM.Build.0 = Debug|ARM
		{DC368ED4-3118-4AA8-9855-6B9107E20005}.Debug|ARM.Deploy.0 = Debug|ARM
		{DC368ED4-3118-4AA8-9855-6B9107E20005}.Debug|x64.ActiveCfg = Debug|x64
		{DC368ED4-3118-4AA8-9855-6B9107E20005}.Debug|x64.Build.0 = Debug|x64
		{DC368ED4-3118-4AA8-9855-6B9107E20005}.Debug|x64.Deploy.0 = Debug|x64
		{DC368ED4-3118-4AA8-9855-6B9107E20005}.Debug|x86.ActiveCfg = Debug|x86
		{DC368ED4-3118-4AA8-9855-6B9107E20005}.Debug|x86.Build.0 = Debug|x86
		{DC368ED4-3118-4AA8-9855-6B9107E20005}.Debug|x86.Deploy.0 = Debug|x86
		{DC368ED4-3118-4AA8-9855-6B9107E20005}.Release|ARM.ActiveCfg = Release|ARM
		{DC368ED4-3118-4AA8-9855-6B9107E20005}.Release|ARM.Build.0 = Release|ARM
		{DC368ED4-3118-4AA8-9855-6B9107E20005}.Release|ARM.Deploy.0 = Release|ARM
		{DC368ED4-3118-4AA8-9855-6B9107E20005}.Release|x64.ActiveCfg = Release|x64
		{DC368ED4-3118-4AA8-9855-6B9107E20005}.Release|x64.Build.0 = Release|x64
		{DC368ED4-3118-4AA8-9855-6B9107E20005}.Release|x64.Deploy.0 = Release|x64
		{DC368ED4-3118-4AA8-9855-6B9107E20005}.Release|x86.ActiveCfg = Release|x86
		{DC368ED4-3118-4AA8-9855-6B9107E20005}.Release|x86.Build.0 = Release|x86
		{DC368ED4-3118-4AA8-9855-6B9107E20005}.Release|x86.Deploy.0 = Release|x86
	EndGlobalSection
	GlobalSection(SolutionProperties) = preSolution
		HideSolutionNode = FALSE
	EndGlobalSection
	GlobalSection(ExtensibilityGlobals) = postSolution
		SolutionGuid = {921A8AB6-4612-4406-9396-9F0EDDE60611}
	EndGlobalSection
EndGlobal
